# THIS IS AN AUTOGENERATED FILE. DO NOT EDIT THIS FILE DIRECTLY.
# yarn lockfile v1


vue-google-oauth2@^1.5.8:
  version "1.5.8"
  resolved "https://registry.yarnpkg.com/vue-google-oauth2/-/vue-google-oauth2-1.5.8.tgz#9ed963aaafc1e80a276c195499024f369b02d5c8"
  integrity sha512-mATpPrLjzjAoUwgFC2feEZEhyoFyItPQSdEgX3m+rHI17sXLEdKzcMLmk+8B1obu4J/YVuVRR9A1afs+4VEk0Q==

vue@^2.6.14:
  version "2.6.14"
  resolved "https://registry.yarnpkg.com/vue/-/vue-2.6.14.tgz#e51aa5250250d569a3fbad3a8a5a687d6036e235"
  integrity sha512-x2284lgYvjOMj3Za7kqzRcUSxBboHqtgRE2zlos1qWaOye5yUmHn42LB1250NJBLRwEcdrB0JRwyPTEPhfQjiQ==
